// !$*UTF8*$!
{
	archiveVersion = 1;
	classes = {
	};
	objectVersion = 77;
	objects = {

/* Begin PBXBuildFile section */
		F59BA9B42F6681BE00F9AAB0 /* KakaoSDKAuth in Frameworks */ = {isa = PBXBuildFile; productRef = F59BA9B32F6681BE00F9AAB0 /* KakaoSDKAuth */; };
		F59BA9B62F6681BE00F9AAB0 /* KakaoSDKCommon in Frameworks */ = {isa = PBXBuildFile; productRef = F59BA9B52F6681BE00F9AAB0 /* KakaoSDKCommon */; };
		F59BA9B82F6681BE00F9AAB0 /* KakaoSDKUser in Frameworks */ = {isa = PBXBuildFile; productRef = F59BA9B72F6681BE00F9AAB0 /* KakaoSDKUser */; };
		F59BA9BF2F66CD1000F9AAB0 /* FirebaseCore in Frameworks */ = {isa = PBXBuildFile; productRef = F59BA9BE2F66CD1000F9AAB0 /* FirebaseCore */; };
		F59BA9C12F66CD1000F9AAB0 /* FirebaseMessaging in Frameworks */ = {isa = PBXBuildFile; productRef = F59BA9C02F66CD1000F9AAB0 /* FirebaseMessaging */; };
/* End PBXBuildFile section */

/* Begin PBXContainerItemProxy section */
		F5D0105D2F52015D0007B939 /* PBXContainerItemProxy */ = {
			isa = PBXContainerItemProxy;
			containerPortal = F5D010472F52015C0007B939 /* Project object */;
			proxyType = 1;
			remoteGlobalIDString = F5D0104E2F52015C0007B939;
			remoteInfo = VibeTrip;
		};
		F5D010672F52015D0007B939 /* PBXContainerItemProxy */ = {
			isa = PBXContainerItemProxy;
			containerPortal = F5D010472F52015C0007B939 /* Project object */;
			proxyType = 1;
			remoteGlobalIDString = F5D0104E2F52015C0007B939;
			remoteInfo = VibeTrip;
		};
/* End PBXContainerItemProxy section */

/* Begin PBXFileReference section */
		F50ECEBD2F6BB83B000626FF /* VibeTrip.xctestplan */ = {isa = PBXFileReference; lastKnownFileType = text; path = VibeTrip.xctestplan; sourceTree = "<group>"; };
		F5CFG00012F52015D0007B939 /* Debug.xcconfig */ = {isa = PBXFileReference; lastKnownFileType = text.xcconfig; path = Debug.xcconfig; sourceTree = "<group>"; };
		F5CFG00022F52015D0007B939 /* Release.xcconfig */ = {isa = PBXFileReference; lastKnownFileType = text.xcconfig; path = Release.xcconfig; sourceTree = "<group>"; };
		F5D0104F2F52015D0007B939 /* VibeTrip.app */ = {isa = PBXFileReference; explicitFileType = wrapper.application; includeInIndex = 0; path = VibeTrip.app; sourceTree = BUILT_PRODUCTS_DIR; };
		F5D0105C2F52015D0007B939 /* VibeTripTests.xctest */ = {isa = PBXFileReference; explicitFileType = wrapper.cfbundle; includeInIndex = 0; path = VibeTripTests.xctest; sourceTree = BUILT_PRODUCTS_DIR; };
		F5D010662F52015D0007B939 /* VibeTripUITests.xctest */ = {isa = PBXFileReference; explicitFileType = wrapper.cfbundle; includeInIndex = 0; path = VibeTripUITests.xctest; sourceTree = BUILT_PRODUCTS_DIR; };
/* End PBXFileReference section */

/* Begin PBXFileSystemSynchronizedBuildFileExceptionSet section */
		F59BA9BA2F668A3000F9AAB0 /* Exceptions for "VibeTrip" folder in "VibeTrip" target */ = {
			isa = PBXFileSystemSynchronizedBuildFileExceptionSet;
			membershipExceptions = (
				Info.plist,
			);
			target = F5D0104E2F52015C0007B939 /* VibeTrip */;
		};
/* End PBXFileSystemSynchronizedBuildFileExceptionSet section */

/* Begin PBXFileSystemSynchronizedRootGroup section */
		F5C527B92F96612E00E5B649 /* Firebase */ = {
			isa = PBXFileSystemSynchronizedRootGroup;
			path = Firebase;
			sourceTree = "<group>";
		};
		F5D010512F52015D0007B939 /* VibeTrip */ = {
			isa = PBXFileSystemSynchronizedRootGroup;
			exceptions = (
				F59BA9BA2F668A3000F9AAB0 /* Exceptions for "VibeTrip" folder in "VibeTrip" target */,
			);
			path = VibeTrip;
			sourceTree = "<group>";
		};
		F5D0105F2F52015D0007B939 /* VibeTripTests */ = {
			isa = PBXFileSystemSynchronizedRootGroup;
			path = VibeTripTests;
			sourceTree = "<group>";
		};
		F5D010692F52015D0007B939 /* VibeTripUITests */ = {
			isa = PBXFileSystemSynchronizedRootGroup;
			path = VibeTripUITests;
			sourceTree = "<group>";
		};
/* End PBXFileSystemSynchronizedRootGroup section */

/* Begin PBXFrameworksBuildPhase section */
		F5D0104C2F52015C0007B939 /* Frameworks */ = {
			isa = PBXFrameworksBuildPhase;
			buildActionMask = 2147483647;
			files = (
				F59BA9B62F6681BE00F9AAB0 /* KakaoSDKCommon in Frameworks */,
				F59BA9B42F6681BE00F9AAB0 /* KakaoSDKAuth in Frameworks */,
				F59BA9C12F66CD1000F9AAB0 /* FirebaseMessaging in Frameworks */,
				F59BA9BF2F66CD1000F9AAB0 /* FirebaseCore in Frameworks */,
				F59BA9B82F6681BE00F9AAB0 /* KakaoSDKUser in Frameworks */,
			);
			runOnlyForDeploymentPostprocessing = 0;
		};
		F5D010592F52015D0007B939 /* Frameworks */ = {
			isa = PBXFrameworksBuildPhase;
			buildActionMask = 2147483647;
			files = (
			);
			runOnlyForDeploymentPostprocessing = 0;
		};
		F5D010632F52015D0007B939 /* Frameworks */ = {
			isa = PBXFrameworksBuildPhase;
			buildActionMask = 2147483647;
			files = (
			);
			runOnlyForDeploymentPostprocessing = 0;
		};
/* End PBXFrameworksBuildPhase section */

/* Begin PBXGroup section */
		F5CFG00102F52015D0007B939 /* Config */ = {
			isa = PBXGroup;
			children = (
				F5C527B92F96612E00E5B649 /* Firebase */,
				F5CFG00012F52015D0007B939 /* Debug.xcconfig */,
				F5CFG00022F52015D0007B939 /* Release.xcconfig */,
			);
			path = Config;
			sourceTree = "<group>";
		};
		F5D010462F52015C0007B939 = {
			isa = PBXGroup;
			children = (
				F50ECEBD2F6BB83B000626FF /* VibeTrip.xctestplan */,
				F5CFG00102F52015D0007B939 /* Config */,
				F5D010512F52015D0007B939 /* VibeTrip */,
				F5D0105F2F52015D0007B939 /* VibeTripTests */,
				F5D010692F52015D0007B939 /* VibeTripUITests */,
				F5D010502F52015D0007B939 /* Products */,
			);
			sourceTree = "<group>";
		};
		F5D010502F52015D0007B939 /* Products */ = {
			isa = PBXGroup;
			children = (
				F5D0104F2F52015D0007B939 /* VibeTrip.app */,
				F5D0105C2F52015D0007B939 /* VibeTripTests.xctest */,
				F5D010662F52015D0007B939 /* VibeTripUITests.xctest */,
			);
			name = Products;
			sourceTree = "<group>";
		};
/* End PBXGroup section */

/* Begin PBXNativeTarget section */
		F5D0104E2F52015C0007B939 /* VibeTrip */ = {
			isa = PBXNativeTarget;
			buildConfigurationList = F5D010702F52015D0007B939 /* Build configuration list for PBXNativeTarget "VibeTrip" */;
			buildPhases = (
				F5CFG01002F52015D0007B939 /* Select Firebase plist by configuration */,
				F5D0104B2F52015C0007B939 /* Sources */,
				F5D0104C2F52015C0007B939 /* Frameworks */,
				F5D0104D2F52015C0007B939 /* Resources */,
			);
			buildRules = (
			);
			dependencies = (
			);
			fileSystemSynchronizedGroups = (
				F5D010512F52015D0007B939 /* VibeTrip */,
			);
			name = VibeTrip;
			packageProductDependencies = (
				F59BA9B32F6681BE00F9AAB0 /* KakaoSDKAuth */,
				F59BA9B52F6681BE00F9AAB0 /* KakaoSDKCommon */,
				F59BA9B72F6681BE00F9AAB0 /* KakaoSDKUser */,
				F59BA9BE2F66CD1000F9AAB0 /* FirebaseCore */,
				F59BA9C02F66CD1000F9AAB0 /* FirebaseMessaging */,
			);
			productName = VibeTrip;
			productReference = F5D0104F2F52015D0007B939 /* VibeTrip.app */;
			productType = "com.apple.product-type.application";
		};
		F5D0105B2F52015D0007B939 /* VibeTripTests */ = {
			isa = PBXNativeTarget;
			buildConfigurationList = F5D010732F52015D0007B939 /* Build configuration list for PBXNativeTarget "VibeTripTests" */;
			buildPhases = (
				F5D010582F52015D0007B939 /* Sources */,
				F5D010592F52015D0007B939 /* Frameworks */,
				F5D0105A2F52015D0007B939 /* Resources */,
			);
			buildRules = (
			);
			dependencies = (
				F5D0105E2F52015D0007B939 /* PBXTargetDependency */,
			);
			fileSystemSynchronizedGroups = (
				F5D0105F2F52015D0007B939 /* VibeTripTests */,
			);
			name = VibeTripTests;
			packageProductDependencies = (
			);
			productName = VibeTripTests;
			productReference = F5D0105C2F52015D0007B939 /* VibeTripTests.xctest */;
			productType = "com.apple.product-type.bundle.unit-test";
		};
		F5D010652F52015D0007B939 /* VibeTripUITests */ = {
			isa = PBXNativeTarget;
			buildConfigurationList = F5D010762F52015D0007B939 /* Build configuration list for PBXNativeTarget "VibeTripUITests" */;
			buildPhases = (
				F5D010622F52015D0007B939 /* Sources */,
				F5D010632F52015D0007B939 /* Frameworks */,
				F5D010642F52015D0007B939 /* Resources */,
			);
			buildRules = (
			);
			dependencies = (
				F5D010682F52015D0007B939 /* PBXTargetDependency */,
			);
			fileSystemSynchronizedGroups = (
				F5D010692F52015D0007B939 /* VibeTripUITests */,
			);
			name = VibeTripUITests;
			packageProductDependencies = (
			);
			productName = VibeTripUITests;
			productReference = F5D010662F52015D0007B939 /* VibeTripUITests.xctest */;
			productType = "com.apple.product-type.bundle.ui-testing";
		};
/* End PBXNativeTarget section */

/* Begin PBXProject section */
		F5D010472F52015C0007B939 /* Project object */ = {
			isa = PBXProject;
			attributes = {
				BuildIndependentTargetsInParallel = 1;
				LastSwiftUpdateCheck = 2620;
				LastUpgradeCheck = 2630;
				TargetAttributes = {
					F5D0104E2F52015C0007B939 = {
						CreatedOnToolsVersion = 26.2;
					};
					F5D0105B2F52015D0007B939 = {
						CreatedOnToolsVersion = 26.2;
						TestTargetID = F5D0104E2F52015C0007B939;
					};
					F5D010652F52015D0007B939 = {
						CreatedOnToolsVersion = 26.2;
						TestTargetID = F5D0104E2F52015C0007B939;
					};
				};
			};
			buildConfigurationList = F5D0104A2F52015C0007B939 /* Build configuration list for PBXProject "VibeTrip" */;
			developmentRegion = en;
			hasScannedForEncodings = 0;
			knownRegions = (
				en,
				Base,
			);
			mainGroup = F5D010462F52015C0007B939;
			minimizedProjectReferenceProxies = 1;
			packageReferences = (
				F59BA9B22F6681BE00F9AAB0 /* XCRemoteSwiftPackageReference "kakao-ios-sdk" */,
				F59BA9BD2F66CD1000F9AAB0 /* XCRemoteSwiftPackageReference "firebase-ios-sdk" */,
			);
			preferredProjectObjectVersion = 77;
			productRefGroup = F5D010502F52015D0007B939 /* Products */;
			projectDirPath = "";
			projectRoot = "";
			targets = (
				F5D0104E2F52015C0007B939 /* VibeTrip */,
				F5D0105B2F52015D0007B939 /* VibeTripTests */,
				F5D010652F52015D0007B939 /* VibeTripUITests */,
			);
		};
/* End PBXProject section */

/* Begin PBXResourcesBuildPhase section */
		F5D0104D2F52015C0007B939 /* Resources */ = {
			isa = PBXResourcesBuildPhase;
			buildActionMask = 2147483647;
			files = (
			);
			runOnlyForDeploymentPostprocessing = 0;
		};
		F5D0105A2F52015D0007B939 /* Resources */ = {
			isa = PBXResourcesBuildPhase;
			buildActionMask = 2147483647;
			files = (
			);
			runOnlyForDeploymentPostprocessing = 0;
		};
		F5D010642F52015D0007B939 /* Resources */ = {
			isa = PBXResourcesBuildPhase;
			buildActionMask = 2147483647;
			files = (
			);
			runOnlyForDeploymentPostprocessing = 0;
		};
/* End PBXResourcesBuildPhase section */

/* Begin PBXShellScriptBuildPhase section */
		F5CFG01002F52015D0007B939 /* Select Firebase plist by configuration */ = {
			isa = PBXShellScriptBuildPhase;
			alwaysOutOfDate = 1;
			buildActionMask = 2147483647;
			files = (
			);
			inputFileListPaths = (
			);
			inputPaths = (
				"$(SRCROOT)/Config/Firebase/$(CONFIGURATION)/GoogleService-Info.plist",
			);
			name = "Select Firebase plist by configuration";
			outputFileListPaths = (
			);
			outputPaths = (
				"$(TARGET_BUILD_DIR)/$(UNLOCALIZED_RESOURCES_FOLDER_PATH)/GoogleService-Info.plist",
			);
			runOnlyForDeploymentPostprocessing = 0;
			shellPath = /bin/bash;
			shellScript = "# Firebase plist를 앱 번들 리소스 경로로 직접 복사한다.\n# 우선순위\n# 1) 로컬 구성별 파일: Config/Firebase/$CONFIGURATION/GoogleService-Info.plist\n# 2) CI fallback 파일: VibeTrip/GoogleService-Info.plist (ci_post_clone.sh 생성)\n\nCONFIG_SRC=\"$SRCROOT/Config/Firebase/$CONFIGURATION/GoogleService-Info.plist\"\nCI_FALLBACK_SRC=\"$SRCROOT/VibeTrip/GoogleService-Info.plist\"\nDEST_DIR=\"$TARGET_BUILD_DIR/$UNLOCALIZED_RESOURCES_FOLDER_PATH\"\nDEST=\"$DEST_DIR/GoogleService-Info.plist\"\n\nif [ -f \"$CONFIG_SRC\" ]; then\n    SRC=\"$CONFIG_SRC\"\nelif [ -f \"$CI_FALLBACK_SRC\" ]; then\n    SRC=\"$CI_FALLBACK_SRC\"\nelse\n    echo \"error: Missing GoogleService-Info.plist for configuration=$CONFIGURATION\"\n    echo \"error: Checked $CONFIG_SRC and $CI_FALLBACK_SRC\"\n    exit 1\nfi\n\nmkdir -p \"$DEST_DIR\"\ncp \"$SRC\" \"$DEST\"\necho \"Copied Firebase plist to app bundle: $SRC -> $DEST\"\n";
		};
/* End PBXShellScriptBuildPhase section */

/* Begin PBXSourcesBuildPhase section */
		F5D0104B2F52015C0007B939 /* Sources */ = {
			isa = PBXSourcesBuildPhase;
			buildActionMask = 2147483647;
			files = (
			);
			runOnlyForDeploymentPostprocessing = 0;
		};
		F5D010582F52015D0007B939 /* Sources */ = {
			isa = PBXSourcesBuildPhase;
			buildActionMask = 2147483647;
			files = (
			);
			runOnlyForDeploymentPostprocessing = 0;
		};
		F5D010622F52015D0007B939 /* Sources */ = {
			isa = PBXSourcesBuildPhase;
			buildActionMask = 2147483647;
			files = (
			);
			runOnlyForDeploymentPostprocessing = 0;
		};
/* End PBXSourcesBuildPhase section */

/* Begin PBXTargetDependency section */
		F5D0105E2F52015D0007B939 /* PBXTargetDependency */ = {
			isa = PBXTargetDependency;
			target = F5D0104E2F52015C0007B939 /* VibeTrip */;
			targetProxy = F5D0105D2F52015D0007B939 /* PBXContainerItemProxy */;
		};
		F5D010682F52015D0007B939 /* PBXTargetDependency */ = {
			isa = PBXTargetDependency;
			target = F5D0104E2F52015C0007B939 /* VibeTrip */;
			targetProxy = F5D010672F52015D0007B939 /* PBXContainerItemProxy */;
		};
/* End PBXTargetDependency section */

/* Begin XCBuildConfiguration section */
		F5D0106E2F52015D0007B939 /* Debug */ = {
			isa = XCBuildConfiguration;
			buildSettings = {
				ALWAYS_SEARCH_USER_PATHS = NO;
				ASSETCATALOG_COMPILER_GENERATE_SWIFT_ASSET_SYMBOL_EXTENSIONS = YES;
				CLANG_ANALYZER_NONNULL = YES;
				CLANG_ANALYZER_NUMBER_OBJECT_CONVERSION = YES_AGGRESSIVE;
				CLANG_CXX_LANGUAGE_STANDARD = "gnu++20";
				CLANG_ENABLE_MODULES = YES;
				CLANG_ENABLE_OBJC_ARC = YES;
				CLANG_ENABLE_OBJC_WEAK = YES;
				CLANG_WARN_BLOCK_CAPTURE_AUTORELEASING = YES;
				CLANG_WARN_BOOL_CONVERSION = YES;
				CLANG_WARN_COMMA = YES;
				CLANG_WARN_CONSTANT_CONVERSION = YES;
				CLANG_WARN_DEPRECATED_OBJC_IMPLEMENTATIONS = YES;
				CLANG_WARN_DIRECT_OBJC_ISA_USAGE = YES_ERROR;
				CLANG_WARN_DOCUMENTATION_COMMENTS = YES;
				CLANG_WARN_EMPTY_BODY = YES;
				CLANG_WARN_ENUM_CONVERSION = YES;
				CLANG_WARN_INFINITE_RECURSION = YES;
				CLANG_WARN_INT_CONVERSION = YES;
				CLANG_WARN_NON_LITERAL_NULL_CONVERSION = YES;
				CLANG_WARN_OBJC_IMPLICIT_RETAIN_SELF = YES;
				CLANG_WARN_OBJC_LITERAL_CONVERSION = YES;
				CLANG_WARN_OBJC_ROOT_CLASS = YES_ERROR;
				CLANG_WARN_QUOTED_INCLUDE_IN_FRAMEWORK_HEADER = YES;
				CLANG_WARN_RANGE_LOOP_ANALYSIS = YES;
				CLANG_WARN_STRICT_PROTOTYPES = YES;
				CLANG_WARN_SUSPICIOUS_MOVE = YES;
				CLANG_WARN_UNGUARDED_AVAILABILITY = YES_AGGRESSIVE;
				CLANG_WARN_UNREACHABLE_CODE = YES;
				CLANG_WARN__DUPLICATE_METHOD_MATCH = YES;
				COPY_PHASE_STRIP = NO;
				DEBUG_INFORMATION_FORMAT = dwarf;
				DEVELOPMENT_TEAM = 52AU86437A;
				ENABLE_STRICT_OBJC_MSGSEND = YES;
				ENABLE_TESTABILITY = YES;
				ENABLE_USER_SCRIPT_SANDBOXING = YES;
				GCC_C_LANGUAGE_STANDARD = gnu17;
				GCC_DYNAMIC_NO_PIC = NO;
				GCC_NO_COMMON_BLOCKS = YES;
				GCC_OPTIMIZATION_LEVEL = 0;
				GCC_PREPROCESSOR_DEFINITIONS = (
					"DEBUG=1",
					"$(inherited)",
				);
				GCC_WARN_64_TO_32_BIT_CONVERSION = YES;
				GCC_WARN_ABOUT_RETURN_TYPE = YES_ERROR;
				GCC_WARN_UNDECLARED_SELECTOR = YES;
				GCC_WARN_UNINITIALIZED_AUTOS = YES_AGGRESSIVE;
				GCC_WARN_UNUSED_FUNCTION = YES;
				GCC_WARN_UNUSED_VARIABLE = YES;
				IPHONEOS_DEPLOYMENT_TARGET = 17.0;
				LOCALIZATION_PREFERS_STRING_CATALOGS = YES;
				MTL_ENABLE_DEBUG_INFO = INCLUDE_SOURCE;
				MTL_FAST_MATH = YES;
				ONLY_ACTIVE_ARCH = YES;
				SDKROOT = iphoneos;
				STRING_CATALOG_GENERATE_SYMBOLS = YES;
				SWIFT_ACTIVE_COMPILATION_CONDITIONS = "DEBUG $(inherited)";
				SWIFT_OPTIMIZATION_LEVEL = "-Onone";
			};
			name = Debug;
		};
		F5D0106F2F52015D0007B939 /* Release */ = {
			isa = XCBuildConfiguration;
			buildSettings = {
				ALWAYS_SEARCH_USER_PATHS = NO;
				ASSETCATALOG_COMPILER_GENERATE_SWIFT_ASSET_SYMBOL_EXTENSIONS = YES;
				CLANG_ANALYZER_NONNULL = YES;
				CLANG_ANALYZER_NUMBER_OBJECT_CONVERSION = YES_AGGRESSIVE;
				CLANG_CXX_LANGUAGE_STANDARD = "gnu++20";
				CLANG_ENABLE_MODULES = YES;
				CLANG_ENABLE_OBJC_ARC = YES;
				CLANG_ENABLE_OBJC_WEAK = YES;
				CLANG_WARN_BLOCK_CAPTURE_AUTORELEASING = YES;
				CLANG_WARN_BOOL_CONVERSION = YES;
				CLANG_WARN_COMMA = YES;
				CLANG_WARN_CONSTANT_CONVERSION = YES;
				CLANG_WARN_DEPRECATED_OBJC_IMPLEMENTATIONS = YES;
				CLANG_WARN_DIRECT_OBJC_ISA_USAGE = YES_ERROR;
				CLANG_WARN_DOCUMENTATION_COMMENTS = YES;
				CLANG_WARN_EMPTY_BODY = YES;
				CLANG_WARN_ENUM_CONVERSION = YES;
				CLANG_WARN_INFINITE_RECURSION = YES;
				CLANG_WARN_INT_CONVERSION = YES;
				CLANG_WARN_NON_LITERAL_NULL_CONVERSION = YES;
				CLANG_WARN_OBJC_IMPLICIT_RETAIN_SELF = YES;
				CLANG_WARN_OBJC_LITERAL_CONVERSION = YES;
				CLANG_WARN_OBJC_ROOT_CLASS = YES_ERROR;
				CLANG_WARN_QUOTED_INCLUDE_IN_FRAMEWORK_HEADER = YES;
				CLANG_WARN_RANGE_LOOP_ANALYSIS = YES;
				CLANG_WARN_STRICT_PROTOTYPES = YES;
				CLANG_WARN_SUSPICIOUS_MOVE = YES;
				CLANG_WARN_UNGUARDED_AVAILABILITY = YES_AGGRESSIVE;
				CLANG_WARN_UNREACHABLE_CODE = YES;
				CLANG_WARN__DUPLICATE_METHOD_MATCH = YES;
				COPY_PHASE_STRIP = NO;
				DEBUG_INFORMATION_FORMAT = "dwarf-with-dsym";
				DEVELOPMENT_TEAM = 52AU86437A;
				ENABLE_NS_ASSERTIONS = NO;
				ENABLE_STRICT_OBJC_MSGSEND = YES;
				ENABLE_USER_SCRIPT_SANDBOXING = YES;
				GCC_C_LANGUAGE_STANDARD = gnu17;
				GCC_NO_COMMON_BLOCKS = YES;
				GCC_WARN_64_TO_32_BIT_CONVERSION = YES;
				GCC_WARN_ABOUT_RETURN_TYPE = YES_ERROR;
				GCC_WARN_UNDECLARED_SELECTOR = YES;
				GCC_WARN_UNINITIALIZED_AUTOS = YES_AGGRESSIVE;
				GCC_WARN_UNUSED_FUNCTION = YES;
				GCC_WARN_UNUSED_VARIABLE = YES;
				IPHONEOS_DEPLOYMENT_TARGET = 17.0;
				LOCALIZATION_PREFERS_STRING_CATALOGS = YES;
				MTL_ENABLE_DEBUG_INFO = NO;
				MTL_FAST_MATH = YES;
				SDKROOT = iphoneos;
				STRING_CATALOG_GENERATE_SYMBOLS = YES;
				SWIFT_COMPILATION_MODE = wholemodule;
				VALIDATE_PRODUCT = YES;
			};
			name = Release;
		};
		F5D010712F52015D0007B939 /* Debug */ = {
			isa = XCBuildConfiguration;
			baseConfigurationReference = F5CFG00012F52015D0007B939 /* Debug.xcconfig */;
			buildSettings = {
				ASSETCATALOG_COMPILER_APPICON_NAME = AppIcon;
				ASSETCATALOG_COMPILER_GLOBAL_ACCENT_COLOR_NAME = AccentColor;
				CODE_SIGN_ENTITLEMENTS = VibeTrip/VibeTrip.entitlements;
				CODE_SIGN_STYLE = Automatic;
				CURRENT_PROJECT_VERSION = 1;
				DEVELOPMENT_TEAM = 52AU86437A;
				ENABLE_PREVIEWS = YES;
				GENERATE_INFOPLIST_FILE = YES;
				INFOPLIST_FILE = VibeTrip/Info.plist;
				INFOPLIST_KEY_CFBundleDisplayName = "리트립";
				INFOPLIST_KEY_ITSAppUsesNonExemptEncryption = NO;
				INFOPLIST_KEY_LSApplicationCategoryType = "public.app-category.music";
				INFOPLIST_KEY_UIApplicationSceneManifest_Generation = YES;
				INFOPLIST_KEY_UIApplicationSupportsIndirectInputEvents = YES;
				INFOPLIST_KEY_UILaunchScreen_Generation = YES;
				INFOPLIST_KEY_UISupportedInterfaceOrientations = UIInterfaceOrientationPortrait;
				INFOPLIST_KEY_UISupportedInterfaceOrientations_iPad = "UIInterfaceOrientationLandscapeLeft UIInterfaceOrientationLandscapeRight UIInterfaceOrientationPortrait UIInterfaceOrientationPortraitUpsideDown";
				INFOPLIST_KEY_UIUserInterfaceStyle = Light;
				LD_RUNPATH_SEARCH_PATHS = (
					"$(inherited)",
					"@executable_path/Frameworks",
				);
				MARKETING_VERSION = 1.0.1;
				PRODUCT_NAME = "$(TARGET_NAME)";
				STRING_CATALOG_GENERATE_SYMBOLS = YES;
				SUPPORTED_PLATFORMS = "iphoneos iphonesimulator";
				SUPPORTS_MACCATALYST = NO;
				SUPPORTS_MAC_DESIGNED_FOR_IPHONE_IPAD = NO;
				SUPPORTS_XR_DESIGNED_FOR_IPHONE_IPAD = NO;
				SWIFT_APPROACHABLE_CONCURRENCY = YES;
				SWIFT_DEFAULT_ACTOR_ISOLATION = MainActor;
				SWIFT_EMIT_LOC_STRINGS = YES;
				SWIFT_UPCOMING_FEATURE_MEMBER_IMPORT_VISIBILITY = YES;
				SWIFT_VERSION = 5.0;
				TARGETED_DEVICE_FAMILY = 1;
			};
			name = Debug;
		};
		F5D010722F52015D0007B939 /* Release */ = {
			isa = XCBuildConfiguration;
			baseConfigurationReference = F5CFG00022F52015D0007B939 /* Release.xcconfig */;
			buildSettings = {
				ASSETCATALOG_COMPILER_APPICON_NAME = AppIcon;
				ASSETCATALOG_COMPILER_GLOBAL_ACCENT_COLOR_NAME = AccentColor;
				CODE_SIGN_ENTITLEMENTS = VibeTrip/VibeTrip.entitlements;
				CODE_SIGN_STYLE = Automatic;
				CURRENT_PROJECT_VERSION = 1;
				DEVELOPMENT_TEAM = 52AU86437A;
				ENABLE_PREVIEWS = YES;
				GENERATE_INFOPLIST_FILE = YES;
				INFOPLIST_FILE = VibeTrip/Info.plist;
				INFOPLIST_KEY_CFBundleDisplayName = "리트립";
				INFOPLIST_KEY_ITSAppUsesNonExemptEncryption = NO;
				INFOPLIST_KEY_LSApplicationCategoryType = "public.app-category.music";
				INFOPLIST_KEY_UIApplicationSceneManifest_Generation = YES;
				INFOPLIST_KEY_UIApplicationSupportsIndirectInputEvents = YES;
				INFOPLIST_KEY_UILaunchScreen_Generation = YES;
				INFOPLIST_KEY_UISupportedInterfaceOrientations = UIInterfaceOrientationPortrait;
				INFOPLIST_KEY_UISupportedInterfaceOrientations_iPad = "UIInterfaceOrientationLandscapeLeft UIInterfaceOrientationLandscapeRight UIInterfaceOrientationPortrait UIInterfaceOrientationPortraitUpsideDown";
				INFOPLIST_KEY_UIUserInterfaceStyle = Light;
				LD_RUNPATH_SEARCH_PATHS = (
					"$(inherited)",
					"@executable_path/Frameworks",
				);
				MARKETING_VERSION = 1.0.1;
				PRODUCT_NAME = "$(TARGET_NAME)";
				STRING_CATALOG_GENERATE_SYMBOLS = YES;
				SUPPORTED_PLATFORMS = "iphoneos iphonesimulator";
				SUPPORTS_MACCATALYST = NO;
				SUPPORTS_MAC_DESIGNED_FOR_IPHONE_IPAD = NO;
				SUPPORTS_XR_DESIGNED_FOR_IPHONE_IPAD = NO;
				SWIFT_APPROACHABLE_CONCURRENCY = YES;
				SWIFT_DEFAULT_ACTOR_ISOLATION = MainActor;
				SWIFT_EMIT_LOC_STRINGS = YES;
				SWIFT_UPCOMING_FEATURE_MEMBER_IMPORT_VISIBILITY = YES;
				SWIFT_VERSION = 5.0;
				TARGETED_DEVICE_FAMILY = 1;
			};
			name = Release;
		};
		F5D010742F52015D0007B939 /* Debug */ = {
			isa = XCBuildConfiguration;
			buildSettings = {
				BUNDLE_LOADER = "$(TEST_HOST)";
				CODE_SIGN_STYLE = Automatic;
				CURRENT_PROJECT_VERSION = 1;
				DEVELOPMENT_TEAM = 52AU86437A;
				GENERATE_INFOPLIST_FILE = YES;
				IPHONEOS_DEPLOYMENT_TARGET = 17.0;
				MARKETING_VERSION = 1.0;
				PRODUCT_BUNDLE_IDENTIFIER = com.swyp.VibeTripTests;
				PRODUCT_NAME = "$(TARGET_NAME)";
				STRING_CATALOG_GENERATE_SYMBOLS = NO;
				SWIFT_APPROACHABLE_CONCURRENCY = YES;
				SWIFT_EMIT_LOC_STRINGS = NO;
				SWIFT_UPCOMING_FEATURE_MEMBER_IMPORT_VISIBILITY = YES;
				SWIFT_VERSION = 5.0;
				TARGETED_DEVICE_FAMILY = "1,2";
				TEST_HOST = "$(BUILT_PRODUCTS_DIR)/VibeTrip.app/$(BUNDLE_EXECUTABLE_FOLDER_PATH)/VibeTrip";
			};
			name = Debug;
		};
		F5D010752F52015D0007B939 /* Release */ = {
			isa = XCBuildConfiguration;
			buildSettings = {
				BUNDLE_LOADER = "$(TEST_HOST)";
				CODE_SIGN_STYLE = Automatic;
				CURRENT_PROJECT_VERSION = 1;
				DEVELOPMENT_TEAM = 52AU86437A;
				GENERATE_INFOPLIST_FILE = YES;
				IPHONEOS_DEPLOYMENT_TARGET = 17.0;
				MARKETING_VERSION = 1.0;
				PRODUCT_BUNDLE_IDENTIFIER = com.swyp.VibeTripTests;
				PRODUCT_NAME = "$(TARGET_NAME)";
				STRING_CATALOG_GENERATE_SYMBOLS = NO;
				SWIFT_APPROACHABLE_CONCURRENCY = YES;
				SWIFT_EMIT_LOC_STRINGS = NO;
				SWIFT_UPCOMING_FEATURE_MEMBER_IMPORT_VISIBILITY = YES;
				SWIFT_VERSION = 5.0;
				TARGETED_DEVICE_FAMILY = "1,2";
				TEST_HOST = "$(BUILT_PRODUCTS_DIR)/VibeTrip.app/$(BUNDLE_EXECUTABLE_FOLDER_PATH)/VibeTrip";
			};
			name = Release;
		};
		F5D010772F52015D0007B939 /* Debug */ = {
			isa = XCBuildConfiguration;
			buildSettings = {
				CODE_SIGN_STYLE = Automatic;
				CURRENT_PROJECT_VERSION = 1;
				DEVELOPMENT_TEAM = 52AU86437A;
				GENERATE_INFOPLIST_FILE = YES;
				MARKETING_VERSION = 1.0;
				PRODUCT_BUNDLE_IDENTIFIER = com.swyp.VibeTripUITests;
				PRODUCT_NAME = "$(TARGET_NAME)";
				STRING_CATALOG_GENERATE_SYMBOLS = NO;
				SWIFT_APPROACHABLE_CONCURRENCY = YES;
				SWIFT_EMIT_LOC_STRINGS = NO;
				SWIFT_UPCOMING_FEATURE_MEMBER_IMPORT_VISIBILITY = YES;
				SWIFT_VERSION = 5.0;
				TARGETED_DEVICE_FAMILY = "1,2";
				TEST_TARGET_NAME = VibeTrip;
			};
			name = Debug;
		};
		F5D010782F52015D0007B939 /* Release */ = {
			isa = XCBuildConfiguration;
			buildSettings = {
				CODE_SIGN_STYLE = Automatic;
				CURRENT_PROJECT_VERSION = 1;
				DEVELOPMENT_TEAM = 52AU86437A;
				GENERATE_INFOPLIST_FILE = YES;
				MARKETING_VERSION = 1.0;
				PRODUCT_BUNDLE_IDENTIFIER = com.swyp.VibeTripUITests;
				PRODUCT_NAME = "$(TARGET_NAME)";
				STRING_CATALOG_GENERATE_SYMBOLS = NO;
				SWIFT_APPROACHABLE_CONCURRENCY = YES;
				SWIFT_EMIT_LOC_STRINGS = NO;
				SWIFT_UPCOMING_FEATURE_MEMBER_IMPORT_VISIBILITY = YES;
				SWIFT_VERSION = 5.0;
				TARGETED_DEVICE_FAMILY = "1,2";
				TEST_TARGET_NAME = VibeTrip;
			};
			name = Release;
		};
/* End XCBuildConfiguration section */

/* Begin XCConfigurationList section */
		F5D0104A2F52015C0007B939 /* Build configuration list for PBXProject "VibeTrip" */ = {
			isa = XCConfigurationList;
			buildConfigurations = (
				F5D0106E2F52015D0007B939 /* Debug */,
				F5D0106F2F52015D0007B939 /* Release */,
			);
			defaultConfigurationIsVisible = 0;
			defaultConfigurationName = Release;
		};
		F5D010702F52015D0007B939 /* Build configuration list for PBXNativeTarget "VibeTrip" */ = {
			isa = XCConfigurationList;
			buildConfigurations = (
				F5D010712F52015D0007B939 /* Debug */,
				F5D010722F52015D0007B939 /* Release */,
			);
			defaultConfigurationIsVisible = 0;
			defaultConfigurationName = Release;
		};
		F5D010732F52015D0007B939 /* Build configuration list for PBXNativeTarget "VibeTripTests" */ = {
			isa = XCConfigurationList;
			buildConfigurations = (
				F5D010742F52015D0007B939 /* Debug */,
				F5D010752F52015D0007B939 /* Release */,
			);
			defaultConfigurationIsVisible = 0;
			defaultConfigurationName = Release;
		};
		F5D010762F52015D0007B939 /* Build configuration list for PBXNativeTarget "VibeTripUITests" */ = {
			isa = XCConfigurationList;
			buildConfigurations = (
				F5D010772F52015D0007B939 /* Debug */,
				F5D010782F52015D0007B939 /* Release */,
			);
			defaultConfigurationIsVisible = 0;
			defaultConfigurationName = Release;
		};
/* End XCConfigurationList section */

/* Begin XCRemoteSwiftPackageReference section */
		F59BA9B22F6681BE00F9AAB0 /* XCRemoteSwiftPackageReference "kakao-ios-sdk" */ = {
			isa = XCRemoteSwiftPackageReference;
			repositoryURL = "https://github.com/kakao/kakao-ios-sdk";
			requirement = {
				kind = upToNextMajorVersion;
				minimumVersion = 2.27.2;
			};
		};
		F59BA9BD2F66CD1000F9AAB0 /* XCRemoteSwiftPackageReference "firebase-ios-sdk" */ = {
			isa = XCRemoteSwiftPackageReference;
			repositoryURL = "https://github.com/firebase/firebase-ios-sdk";
			requirement = {
				kind = upToNextMajorVersion;
				minimumVersion = 12.10.0;
			};
		};
/* End XCRemoteSwiftPackageReference section */

/* Begin XCSwiftPackageProductDependency section */
		F59BA9B32F6681BE00F9AAB0 /* KakaoSDKAuth */ = {
			isa = XCSwiftPackageProductDependency;
			package = F59BA9B22F6681BE00F9AAB0 /* XCRemoteSwiftPackageReference "kakao-ios-sdk" */;
			productName = KakaoSDKAuth;
		};
		F59BA9B52F6681BE00F9AAB0 /* KakaoSDKCommon */ = {
			isa = XCSwiftPackageProductDependency;
			package = F59BA9B22F6681BE00F9AAB0 /* XCRemoteSwiftPackageReference "kakao-ios-sdk" */;
			productName = KakaoSDKCommon;
		};
		F59BA9B72F6681BE00F9AAB0 /* KakaoSDKUser */ = {
			isa = XCSwiftPackageProductDependency;
			package = F59BA9B22F6681BE00F9AAB0 /* XCRemoteSwiftPackageReference "kakao-ios-sdk" */;
			productName = KakaoSDKUser;
		};
		F59BA9BE2F66CD1000F9AAB0 /* FirebaseCore */ = {
			isa = XCSwiftPackageProductDependency;
			package = F59BA9BD2F66CD1000F9AAB0 /* XCRemoteSwiftPackageReference "firebase-ios-sdk" */;
			productName = FirebaseCore;
		};
		F59BA9C02F66CD1000F9AAB0 /* FirebaseMessaging */ = {
			isa = XCSwiftPackageProductDependency;
			package = F59BA9BD2F66CD1000F9AAB0 /* XCRemoteSwiftPackageReference "firebase-ios-sdk" */;
			productName = FirebaseMessaging;
		};
/* End XCSwiftPackageProductDependency section */
	};
	rootObject = F5D010472F52015C0007B939 /* Project object */;
}
